// !$*UTF8*$!
{
	archiveVersion = 1;
	classes = {
	};
	objectVersion = 50;
	objects = {

/* Begin PBXBuildFile section */
		5F402B3420AC224B000C5C10 /* AppDelegate.swift in Sources */ = {isa = PBXBuildFile; fileRef = 5F402B3320AC224B000C5C10 /* AppDelegate.swift */; };
		5F402B3620AC224B000C5C10 /* art.scnassets in Resources */ = {isa = PBXBuildFile; fileRef = 5F402B3520AC224B000C5C10 /* art.scnassets */; };
		5F402B3820AC224B000C5C10 /* ViewController.swift in Sources */ = {isa = PBXBuildFile; fileRef = 5F402B3720AC224B000C5C10 /* ViewController.swift */; };
		5F402B3B20AC224B000C5C10 /* Main.storyboard in Resources */ = {isa = PBXBuildFile; fileRef = 5F402B3920AC224B000C5C10 /* Main.storyboard */; };
		5F402B3D20AC224B000C5C10 /* Assets.xcassets in Resources */ = {isa = PBXBuildFile; fileRef = 5F402B3C20AC224B000C5C10 /* Assets.xcassets */; };
		5F402B4020AC224B000C5C10 /* LaunchScreen.storyboard in Resources */ = {isa = PBXBuildFile; fileRef = 5F402B3E20AC224B000C5C10 /* LaunchScreen.storyboard */; };
/* End PBXBuildFile section */

/* Begin PBXFileReference section */
		5F402B3020AC224B000C5C10 /* TKARJumper.app */ = {isa = PBXFileReference; explicitFileType = wrapper.application; includeInIndex = 0; path = TKARJumper.app; sourceTree = BUILT_PRODUCTS_DIR; };
		5F402B3320AC224B000C5C10 /* AppDelegate.swift */ = {isa = PBXFileReference; lastKnownFileType = sourcecode.swift; path = AppDelegate.swift; sourceTree = "<group>"; };
		5F402B3520AC224B000C5C10 /* art.scnassets */ = {isa = PBXFileReference; lastKnownFileType = wrapper.scnassets; path = art.scnassets; sourceTree = "<group>"; };
		5F402B3720AC224B000C5C10 /* ViewController.swift */ = {isa = PBXFileReference; lastKnownFileType = sourcecode.swift; path = ViewController.swift; sourceTree = "<group>"; };
		5F402B3A20AC224B000C5C10 /* Base */ = {isa = PBXFileReference; lastKnownFileType = file.storyboard; name = Base; path = Base.lproj/Main.storyboard; sourceTree = "<group>"; };
		5F402B3C20AC224B000C5C10 /* Assets.xcassets */ = {isa = PBXFileReference; lastKnownFileType = folder.assetcatalog; path = Assets.xcassets; sourceTree = "<group>"; };
		5F402B3F20AC224B000C5C10 /* Base */ = {isa = PBXFileReference; lastKnownFileType = file.storyboard; name = Base; path = Base.lproj/LaunchScreen.storyboard; sourceTree = "<group>"; };
		5F402B4120AC224B000C5C10 /* Info.plist */ = {isa = PBXFileReference; lastKnownFileType = text.plist.xml; path = Info.plist; sourceTree = "<group>"; };
/* End PBXFileReference section */

/* Begin PBXFrameworksBuildPhase section */
		5F402B2D20AC224B000C5C10 /* Frameworks */ = {
			isa = PBXFrameworksBuildPhase;
			buildActionMask = 2147483647;
			files = (
			);
			runOnlyForDeploymentPostprocessing = 0;
		};
/* End PBXFrameworksBuildPhase section */

/* Begin PBXGroup section */
		5F402B2720AC224B000C5C10 = {
			isa = PBXGroup;
			children = (
				5F402B3220AC224B000C5C10 /* TKARJumper */,
				5F402B3120AC224B000C5C10 /* Products */,
			);
			sourceTree = "<group>";
		};
		5F402B3120AC224B000C5C10 /* Products */ = {
			isa = PBXGroup;
			children = (
				5F402B3020AC224B000C5C10 /* TKARJumper.app */,
			);
			name = Products;
			sourceTree = "<group>";
		};
		5F402B3220AC224B000C5C10 /* TKARJumper */ = {
			isa = PBXGroup;
			children = (
				5F402B3320AC224B000C5C10 /* AppDelegate.swift */,
				5F402B3520AC224B000C5C10 /* art.scnassets */,
				5F402B3720AC224B000C5C10 /* ViewController.swift */,
				5F402B3920AC224B000C5C10 /* Main.storyboard */,
				5F402B3C20AC224B000C5C10 /* Assets.xcassets */,
				5F402B3E20AC224B000C5C10 /* LaunchScreen.storyboard */,
				5F402B4120AC224B000C5C10 /* Info.plist */,
			);
			path = TKARJumper;
			sourceTree = "<group>";
		};
/* End PBXGroup section */

/* Begin PBXNativeTarget section */
		5F402B2F20AC224B000C5C10 /* TKARJumper */ = {
			isa = PBXNativeTarget;
			buildConfigurationList = 5F402B4420AC224B000C5C10 /* Build configuration list for PBXNativeTarget "TKARJumper" */;
			buildPhases = (
				5F402B2C20AC224B000C5C10 /* Sources */,
				5F402B2D20AC224B000C5C10 /* Frameworks */,
				5F402B2E20AC224B000C5C10 /* Resources */,
			);
			buildRules = (
			);
			dependencies = (
			);
			name = TKARJumper;
			productName = TKARJumper;
			productReference = 5F402B3020AC224B000C5C10 /* TKARJumper.app */;
			productType = "com.apple.product-type.application";
		};
/* End PBXNativeTarget section */

/* Begin PBXProject section */
		5F402B2820AC224B000C5C10 /* Project object */ = {
			isa = PBXProject;
			attributes = {
				LastSwiftUpdateCheck = 0940;
				LastUpgradeCheck = 0940;
				ORGANIZATIONNAME = webank;
				TargetAttributes = {
					5F402B2F20AC224B000C5C10 = {
						CreatedOnToolsVersion = 9.4;
					};
				};
			};
			buildConfigurationList = 5F402B2B20AC224B000C5C10 /* Build configuration list for PBXProject "TKARJumper" */;
			compatibilityVersion = "Xcode 9.3";
			developmentRegion = en;
			hasScannedForEncodings = 0;
			knownRegions = (
				en,
				Base,
			);
			mainGroup = 5F402B2720AC224B000C5C10;
			productRefGroup = 5F402B3120AC224B000C5C10 /* Products */;
			projectDirPath = "";
			projectRoot = "";
			targets = (
				5F402B2F20AC224B000C5C10 /* TKARJumper */,
			);
		};
/* End PBXProject section */

/* Begin PBXResourcesBuildPhase section */
		5F402B2E20AC224B000C5C10 /* Resources */ = {
			isa = PBXResourcesBuildPhase;
			buildActionMask = 2147483647;
			files = (
				5F402B3620AC224B000C5C10 /* art.scnassets in Resources */,
				5F402B4020AC224B000C5C10 /* LaunchScreen.storyboard in Resources */,
				5F402B3D20AC224B000C5C10 /* Assets.xcassets in Resources */,
				5F402B3B20AC224B000C5C10 /* Main.storyboard in Resources */,
			);
			runOnlyForDeploymentPostprocessing = 0;
		};
/* End PBXResourcesBuildPhase section */

/* Begin PBXSourcesBuildPhase section */
		5F402B2C20AC224B000C5C10 /* Sources */ = {
			isa = PBXSourcesBuildPhase;
			buildActionMask = 2147483647;
			files = (
				5F402B3820AC224B000C5C10 /* ViewController.swift in Sources */,
				5F402B3420AC224B000C5C10 /* AppDelegate.swift in Sources */,
			);
			runOnlyForDeploymentPostprocessing = 0;
		};
/* End PBXSourcesBuildPhase section */

/* Begin PBXVariantGroup section */
		5F402B3920AC224B000C5C10 /* Main.storyboard */ = {
			isa = PBXVariantGroup;
			children = (
				5F402B3A20AC224B000C5C10 /* Base */,
			);
			name = Main.storyboard;
			sourceTree = "<group>";
		};
		5F402B3E20AC224B000C5C10 /* LaunchScreen.storyboard */ = {
			isa = PBXVariantGroup;
			children = (
				5F402B3F20AC224B000C5C10 /* Base */,
			);
			name = LaunchScreen.storyboard;
			sourceTree = "<group>";
		};
/* End PBXVariantGroup section */

/* Begin XCBuildConfiguration section */
		5F402B4220AC224B000C5C10 /* Debug */ = {
			isa = XCBuildConfiguration;
			buildSettings = {
				ALWAYS_SEARCH_USER_PATHS = NO;
				CLANG_ANALYZER_NONNULL = YES;
				CLANG_ANALYZER_NUMBER_OBJECT_CONVERSION = YES_AGGRESSIVE;
				CLANG_CXX_LANGUAGE_STANDARD = "gnu++14";
				CLANG_CXX_LIBRARY = "libc++";
				CLANG_ENABLE_MODULES = YES;
				CLANG_ENABLE_OBJC_ARC = YES;
				CLANG_ENABLE_OBJC_WEAK = YES;
				CLANG_WARN_BLOCK_CAPTURE_AUTORELEASING = YES;
				CLANG_WARN_BOOL_CONVERSION = YES;
				CLANG_WARN_COMMA = YES;
				CLANG_WARN_CONSTANT_CONVERSION = YES;
				CLANG_WARN_DEPRECATED_OBJC_IMPLEMENTATIONS = YES;
				CLANG_WARN_DIRECT_OBJC_ISA_USAGE = YES_ERROR;
				CLANG_WARN_DOCUMENTATION_COMMENTS = YES;
				CLANG_WARN_EMPTY_BODY = YES;
				CLANG_WARN_ENUM_CONVERSION = YES;
				CLANG_WARN_INFINITE_RECURSION = YES;
				CLANG_WARN_INT_CONVERSION = YES;
				CLANG_WARN_NON_LITERAL_NULL_CONVERSION = YES;
				CLANG_WARN_OBJC_IMPLICIT_RETAIN_SELF = YES;
				CLANG_WARN_OBJC_LITERAL_CONVERSION = YES;
				CLANG_WARN_OBJC_ROOT_CLASS = YES_ERROR;
				CLANG_WARN_RANGE_LOOP_ANALYSIS = YES;
				CLANG_WARN_STRICT_PROTOTYPES = YES;
				CLANG_WARN_SUSPICIOUS_MOVE = YES;
				CLANG_WARN_UNGUARDED_AVAILABILITY = YES_AGGRESSIVE;
				CLANG_WARN_UNREACHABLE_CODE = YES;
				CLANG_WARN__DUPLICATE_METHOD_MATCH = YES;
				CODE_SIGN_IDENTITY = "iPhone Developer";
				COPY_PHASE_STRIP = NO;
				DEBUG_INFORMATION_FORMAT = dwarf;
				ENABLE_STRICT_OBJC_MSGSEND = YES;
				ENABLE_TESTABILITY = YES;
				GCC_C_LANGUAGE_STANDARD = gnu11;
				GCC_DYNAMIC_NO_PIC = NO;
				GCC_NO_COMMON_BLOCKS = YES;
				GCC_OPTIMIZATION_LEVEL = 0;
				GCC_PREPROCESSOR_DEFINITIONS = (
					"DEBUG=1",
					"$(inherited)",
				);
				GCC_WARN_64_TO_32_BIT_CONVERSION = YES;
				GCC_WARN_ABOUT_RETURN_TYPE = YES_ERROR;
				GCC_WARN_UNDECLARED_SELECTOR = YES;
				GCC_WARN_UNINITIALIZED_AUTOS = YES_AGGRESSIVE;
				GCC_WARN_UNUSED_FUNCTION = YES;
				GCC_WARN_UNUSED_VARIABLE = YES;
				IPHONEOS_DEPLOYMENT_TARGET = 11.4;
				MTL_ENABLE_DEBUG_INFO = YES;
				ONLY_ACTIVE_ARCH = YES;
				SDKROOT = iphoneos;
				SWIFT_ACTIVE_COMPILATION_CONDITIONS = DEBUG;
				SWIFT_OPTIMIZATION_LEVEL = "-Onone";
			};
			name = Debug;
		};
		5F402B4320AC224B000C5C10 /* Release */ = {
			isa = XCBuildConfiguration;
			buildSettings = {
				ALWAYS_SEARCH_USER_PATHS = NO;
				CLANG_ANALYZER_NONNULL = YES;
				CLANG_ANALYZER_NUMBER_OBJECT_CONVERSION = YES_AGGRESSIVE;
				CLANG_CXX_LANGUAGE_STANDARD = "gnu++14";
				CLANG_CXX_LIBRARY = "libc++";
				CLANG_ENABLE_MODULES = YES;
				CLANG_ENABLE_OBJC_ARC = YES;
				CLANG_ENABLE_OBJC_WEAK = YES;
				CLANG_WARN_BLOCK_CAPTURE_AUTORELEASING = YES;
				CLANG_WARN_BOOL_CONVERSION = YES;
				CLANG_WARN_COMMA = YES;
				CLANG_WARN_CONSTANT_CONVERSION = YES;
				CLANG_WARN_DEPRECATED_OBJC_IMPLEMENTATIONS = YES;
				CLANG_WARN_DIRECT_OBJC_ISA_USAGE = YES_ERROR;
				CLANG_WARN_DOCUMENTATION_COMMENTS = YES;
				CLANG_WARN_EMPTY_BODY = YES;
				CLANG_WARN_ENUM_CONVERSION = YES;
				CLANG_WARN_INFINITE_RECURSION = YES;
				CLANG_WARN_INT_CONVERSION = YES;
				CLANG_WARN_NON_LITERAL_NULL_CONVERSION = YES;
				CLANG_WARN_OBJC_IMPLICIT_RETAIN_SELF = YES;
				CLANG_WARN_OBJC_LITERAL_CONVERSION = YES;
				CLANG_WARN_OBJC_ROOT_CLASS = YES_ERROR;
				CLANG_WARN_RANGE_LOOP_ANALYSIS = YES;
				CLANG_WARN_STRICT_PROTOTYPES = YES;
				CLANG_WARN_SUSPICIOUS_MOVE = YES;
				CLANG_WARN_UNGUARDED_AVAILABILITY = YES_AGGRESSIVE;
				CLANG_WARN_UNREACHABLE_CODE = YES;
				CLANG_WARN__DUPLICATE_METHOD_MATCH = YES;
				CODE_SIGN_IDENTITY = "iPhone Developer";
				COPY_PHASE_STRIP = NO;
				DEBUG_INFORMATION_FORMAT = "dwarf-with-dsym";
				ENABLE_NS_ASSERTIONS = NO;
				ENABLE_STRICT_OBJC_MSGSEND = YES;
				GCC_C_LANGUAGE_STANDARD = gnu11;
				GCC_NO_COMMON_BLOCKS = YES;
				GCC_WARN_64_TO_32_BIT_CONVERSION = YES;
				GCC_WARN_ABOUT_RETURN_TYPE = YES_ERROR;
				GCC_WARN_UNDECLARED_SELECTOR = YES;
				GCC_WARN_UNINITIALIZED_AUTOS = YES_AGGRESSIVE;
				GCC_WARN_UNUSED_FUNCTION = YES;
				GCC_WARN_UNUSED_VARIABLE = YES;
				IPHONEOS_DEPLOYMENT_TARGET = 11.4;
				MTL_ENABLE_DEBUG_INFO = NO;
				SDKROOT = iphoneos;
				SWIFT_COMPILATION_MODE = wholemodule;
				SWIFT_OPTIMIZATION_LEVEL = "-O";
				VALIDATE_PRODUCT = YES;
			};
			name = Release;
		};
		5F402B4520AC224B000C5C10 /* Debug */ = {
			isa = XCBuildConfiguration;
			buildSettings = {
				ASSETCATALOG_COMPILER_APPICON_NAME = AppIcon;
				CODE_SIGN_STYLE = Manual;
				DEVELOPMENT_TEAM = 28PAA3S5M5;
				INFOPLIST_FILE = TKARJumper/Info.plist;
				LD_RUNPATH_SEARCH_PATHS = (
					"$(inherited)",
					"@executable_path/Frameworks",
				);
				PRODUCT_BUNDLE_IDENTIFIER = com.webank.TKARJumper;
				PRODUCT_NAME = "$(TARGET_NAME)";
				PROVISIONING_PROFILE = "1e6257dc-4bce-43f3-ba87-c12eb0d780cc";
				PROVISIONING_PROFILE_SPECIFIER = inhouse_dev;
				SWIFT_VERSION = 4.0;
				TARGETED_DEVICE_FAMILY = "1,2";
			};
			name = Debug;
		};
		5F402B4620AC224B000C5C10 /* Release */ = {
			isa = XCBuildConfiguration;
			buildSettings = {
				ASSETCATALOG_COMPILER_APPICON_NAME = AppIcon;
				CODE_SIGN_STYLE = Manual;
				DEVELOPMENT_TEAM = "";
				INFOPLIST_FILE = TKARJumper/Info.plist;
				LD_RUNPATH_SEARCH_PATHS = (
					"$(inherited)",
					"@executable_path/Frameworks",
				);
				PRODUCT_BUNDLE_IDENTIFIER = com.webank.TKARJumper;
				PRODUCT_NAME = "$(TARGET_NAME)";
				PROVISIONING_PROFILE_SPECIFIER = "";
				SWIFT_VERSION = 4.0;
				TARGETED_DEVICE_FAMILY = "1,2";
			};
			name = Release;
		};
/* End XCBuildConfiguration section */

/* Begin XCConfigurationList section */
		5F402B2B20AC224B000C5C10 /* Build configuration list for PBXProject "TKARJumper" */ = {
			isa = XCConfigurationList;
			buildConfigurations = (
				5F402B4220AC224B000C5C10 /* Debug */,
				5F402B4320AC224B000C5C10 /* Release */,
			);
			defaultConfigurationIsVisible = 0;
			defaultConfigurationName = Release;
		};
		5F402B4420AC224B000C5C10 /* Build configuration list for PBXNativeTarget "TKARJumper" */ = {
			isa = XCConfigurationList;
			buildConfigurations = (
				5F402B4520AC224B000C5C10 /* Debug */,
				5F402B4620AC224B000C5C10 /* Release */,
			);
			defaultConfigurationIsVisible = 0;
			defaultConfigurationName = Release;
		};
/* End XCConfigurationList section */
	};
	rootObject = 5F402B2820AC224B000C5C10 /* Project object */;
}
